
Microsoft Visual Studio Solution File, Format Version 12.00
# Visual Studio Version 16
VisualStudioVersion = 16.0.29709.97
MinimumVisualStudioVersion = 10.0.40219.1
Project("{888888A0-9F3D-457C-B088-3A5042F75D52}") = "SerialPy", "SerialPy.pyproj", "{3CEB273D-0FDD-4800-8FE0-1F4A07857225}"
EndProject
Global
	GlobalSection(SolutionConfigurationPlatforms) = preSolution
		Debug|Any CPU = Debug|Any CPU
		Release|Any CPU = Release|Any CPU
	EndGlobalSection
	GlobalSection(ProjectConfigurationPlatforms) = postSolution
		{3CEB273D-0FDD-4800-8FE0-1F4A07857225}.Debug|Any CPU.ActiveCfg = Debug|Any CPU
		{3CEB273D-0FDD-4800-8FE0-1F4A07857225}.Release|Any CPU.ActiveCfg = Release|Any CPU
	EndGlobalSection
	GlobalSection(SolutionProperties) = preSolution
		HideSolutionNode = FALSE
	EndGlobalSection
	GlobalSection(ExtensibilityGlobals) = postSolution
		SolutionGuid = {6B2C6343-66F7-406E-86FA-18C2EB95C636}
	EndGlobalSection
EndGlobal
